lockfileVersion: '9.0'

settings:
  autoInstallPeers: true
  excludeLinksFromLockfile: false

importers:

  .:
    devDependencies:
      '@tauri-apps/cli':
        specifier: ^2
        version: 2.9.3

packages:

  '@tauri-apps/cli-darwin-arm64@2.9.3':
    resolution: {integrity: sha512-W8FQXZXQmQ0Fmj9UJXNrm2mLdIaLLriKVY7o/FzmizyIKTPIvHjfZALTNybbpTQRbJvKoGHLrW1DNzAWVDWJYg==}
    engines: {node: '>= 10'}
    cpu: [arm64]
    os: [darwin]

  '@tauri-apps/cli-darwin-x64@2.9.3':
    resolution: {integrity: sha512-zDwu40rlshijt3TU6aRvzPUyVpapsx1sNfOlreDMTaMelQLHl6YoQzSRpLHYwrHrhimxyX2uDqnKIiuGel0Lhg==}
    engines: {node: '>= 10'}
    cpu: [x64]
    os: [darwin]

  '@tauri-apps/cli-linux-arm-gnueabihf@2.9.3':
    resolution: {integrity: sha512-+Oc2OfcTRwYtW93VJqd/HOk77buORwC9IToj/qsEvM7bTMq6Kda4alpZprzwrCHYANSw+zD8PgjJdljTpe4p+g==}
    engines: {node: '>= 10'}
    cpu: [arm]
    os: [linux]

  '@tauri-apps/cli-linux-arm64-gnu@2.9.3':
    resolution: {integrity: sha512-59GqU/J1n9wFyAtleoQOaU0oVIo+kwQynEw4meFDoKRXszKGor6lTsbsS3r0QKLSPbc0o/yYGJhqqCtkYjb/eg==}
    engines: {node: '>= 10'}
    cpu: [arm64]
    os: [linux]

  '@tauri-apps/cli-linux-arm64-musl@2.9.3':
    resolution: {integrity: sha512-fzvG+jEn5/iYGNH6Z2IRMheYFC4pJdXa19BR9fFm6Bdn2cuajRLDKdUcEME/DCtwqclphXtFZTrT4oezY5vI/A==}
    engines: {node: '>= 10'}
    cpu: [arm64]
    os: [linux]

  '@tauri-apps/cli-linux-riscv64-gnu@2.9.3':
    resolution: {integrity: sha512-qV8DZXI/fZwawk6T3Th1g6smiNC2KeQTk7XFgKvqZ6btC01z3UTsQmNGvI602zwm3Ld1TBZb4+rEWu2QmQimmw==}
    engines: {node: '>= 10'}
    cpu: [riscv64]
    os: [linux]

  '@tauri-apps/cli-linux-x64-gnu@2.9.3':
    resolution: {integrity: sha512-tquyEONCNRfqEBWEe4eAHnxFN5yY5lFkCuD4w79XLIovUxVftQ684+xLp7zkhntkt4y20SMj2AgJa/+MOlx4Kg==}
    engines: {node: '>= 10'}
    cpu: [x64]
    os: [linux]

  '@tauri-apps/cli-linux-x64-musl@2.9.3':
    resolution: {integrity: sha512-v2cBIB/6ji8DL+aiL5QUykU3ZO8OoJGyx50/qv2HQVzkf85KdaYSis3D/oVRemN/pcDz+vyCnnL3XnzFnDl4JQ==}
    engines: {node: '>= 10'}
    cpu: [x64]
    os: [linux]

  '@tauri-apps/cli-win32-arm64-msvc@2.9.3':
    resolution: {integrity: sha512-ZGvBy7nvrHPbE0HeKp/ioaiw8bNgAHxWnb7JRZ4/G0A+oFj0SeSFxl9k5uU6FKnM7bHM23Gd1oeaDex9g5Fceg==}
    engines: {node: '>= 10'}
    cpu: [arm64]
    os: [win32]

  '@tauri-apps/cli-win32-ia32-msvc@2.9.3':
    resolution: {integrity: sha512-UsgIwOnpCoY9NK9/65QiwgmWVIE80LE7SwRYVblGtmlY9RYfsYvpbItwsovA/AcHMTiO+OCvS/q9yLeqS3m6Sg==}
    engines: {node: '>= 10'}
    cpu: [ia32]
    os: [win32]

  '@tauri-apps/cli-win32-x64-msvc@2.9.3':
    resolution: {integrity: sha512-fmw7NrrHE5m49idCvJAx9T9bsupjdJ0a3p3DPCNCZRGANU6R1tA1L+KTlVuUtdAldX2NqU/9UPo2SCslYKgJHQ==}
    engines: {node: '>= 10'}
    cpu: [x64]
    os: [win32]

  '@tauri-apps/cli@2.9.3':
    resolution: {integrity: sha512-BQ7iLUXTQcyG1PpzLWeVSmBCedYDpnA/6Cm/kRFGtqjTf/eVUlyYO5S2ee07tLum3nWwDBWTGFZeruO8yEukfA==}
    engines: {node: '>= 10'}
    hasBin: true

snapshots:

  '@tauri-apps/cli-darwin-arm64@2.9.3':
    optional: true

  '@tauri-apps/cli-darwin-x64@2.9.3':
    optional: true

  '@tauri-apps/cli-linux-arm-gnueabihf@2.9.3':
    optional: true

  '@tauri-apps/cli-linux-arm64-gnu@2.9.3':
    optional: true

  '@tauri-apps/cli-linux-arm64-musl@2.9.3':
    optional: true

  '@tauri-apps/cli-linux-riscv64-gnu@2.9.3':
    optional: true

  '@tauri-apps/cli-linux-x64-gnu@2.9.3':
    optional: true

  '@tauri-apps/cli-linux-x64-musl@2.9.3':
    optional: true

  '@tauri-apps/cli-win32-arm64-msvc@2.9.3':
    optional: true

  '@tauri-apps/cli-win32-ia32-msvc@2.9.3':
    optional: true

  '@tauri-apps/cli-win32-x64-msvc@2.9.3':
    optional: true

  '@tauri-apps/cli@2.9.3':
    optionalDependencies:
      '@tauri-apps/cli-darwin-arm64': 2.9.3
      '@tauri-apps/cli-darwin-x64': 2.9.3
      '@tauri-apps/cli-linux-arm-gnueabihf': 2.9.3
      '@tauri-apps/cli-linux-arm64-gnu': 2.9.3
      '@tauri-apps/cli-linux-arm64-musl': 2.9.3
      '@tauri-apps/cli-linux-riscv64-gnu': 2.9.3
      '@tauri-apps/cli-linux-x64-gnu': 2.9.3
      '@tauri-apps/cli-linux-x64-musl': 2.9.3
      '@tauri-apps/cli-win32-arm64-msvc': 2.9.3
      '@tauri-apps/cli-win32-ia32-msvc': 2.9.3
      '@tauri-apps/cli-win32-x64-msvc': 2.9.3
